
Microsoft Visual Studio Solution File, Format Version 12.00
# Visual Studio Version 17
VisualStudioVersion = 17.11.35312.102
MinimumVisualStudioVersion = 10.0.40219.1
Project("{FAE04EC0-301F-11D3-BF4B-00C04F79EFBC}") = "NAudioTest", "NAudioTest\NAudioTest.csproj", "{F52C1F52-CBCA-4AF7-810D-66F8AA8C1E5A}"
EndProject
Global
	GlobalSection(SolutionConfigurationPlatforms) = preSolution
		Debug|Any CPU = Debug|Any CPU
		Release|Any CPU = Release|Any CPU
	EndGlobalSection
	GlobalSection(ProjectConfigurationPlatforms) = postSolution
		{F52C1F52-CBCA-4AF7-810D-66F8AA8C1E5A}.Debug|Any CPU.ActiveCfg = Debug|Any CPU
		{F52C1F52-CBCA-4AF7-810D-66F8AA8C1E5A}.Debug|Any CPU.Build.0 = Debug|Any CPU
		{F52C1F52-CBCA-4AF7-810D-66F8AA8C1E5A}.Release|Any CPU.ActiveCfg = Release|Any CPU
		{F52C1F52-CBCA-4AF7-810D-66F8AA8C1E5A}.Release|Any CPU.Build.0 = Release|Any CPU
	EndGlobalSection
	GlobalSection(SolutionProperties) = preSolution
		HideSolutionNode = FALSE
	EndGlobalSection
	GlobalSection(ExtensibilityGlobals) = postSolution
		SolutionGuid = {114EE02E-5B31-4EF8-99E2-919D52D1957B}
	EndGlobalSection
EndGlobal
